// !$*UTF8*$!
{
	archiveVersion = 1;
	classes = {
	};
	objectVersion = 50;
	objects = {

/* Begin PBXBuildFile section */
		F0A46EC12682B25E00D839B1 /* AppDelegate.swift in Sources */ = {isa = PBXBuildFile; fileRef = F0A46EC02682B25E00D839B1 /* AppDelegate.swift */; };
		F0A46EC32682B25E00D839B1 /* SceneDelegate.swift in Sources */ = {isa = PBXBuildFile; fileRef = F0A46EC22682B25E00D839B1 /* SceneDelegate.swift */; };
		F0A46EC52682B25E00D839B1 /* ViewController.swift in Sources */ = {isa = PBXBuildFile; fileRef = F0A46EC42682B25E00D839B1 /* ViewController.swift */; };
		F0A46EC82682B25E00D839B1 /* Main.storyboard in Resources */ = {isa = PBXBuildFile; fileRef = F0A46EC62682B25E00D839B1 /* Main.storyboard */; };
		F0A46ECA2682B26000D839B1 /* Assets.xcassets in Resources */ = {isa = PBXBuildFile; fileRef = F0A46EC92682B26000D839B1 /* Assets.xcassets */; };
		F0A46ECD2682B26000D839B1 /* LaunchScreen.storyboard in Resources */ = {isa = PBXBuildFile; fileRef = F0A46ECB2682B26000D839B1 /* LaunchScreen.storyboard */; };
		F0A46ED62682B35200D839B1 /* Pessoa.swift in Sources */ = {isa = PBXBuildFile; fileRef = F0A46ED52682B35200D839B1 /* Pessoa.swift */; };
		F0A46EDB2682C23700D839B1 /* CustomCell.swift in Sources */ = {isa = PBXBuildFile; fileRef = F0A46ED92682C23700D839B1 /* CustomCell.swift */; };
		F0A46EDC2682C23700D839B1 /* CustomCell.xib in Resources */ = {isa = PBXBuildFile; fileRef = F0A46EDA2682C23700D839B1 /* CustomCell.xib */; };
/* End PBXBuildFile section */

/* Begin PBXFileReference section */
		F0A46EBD2682B25E00D839B1 /* EscolaDoFuturo.app */ = {isa = PBXFileReference; explicitFileType = wrapper.application; includeInIndex = 0; path = EscolaDoFuturo.app; sourceTree = BUILT_PRODUCTS_DIR; };
		F0A46EC02682B25E00D839B1 /* AppDelegate.swift */ = {isa = PBXFileReference; lastKnownFileType = sourcecode.swift; path = AppDelegate.swift; sourceTree = "<group>"; };
		F0A46EC22682B25E00D839B1 /* SceneDelegate.swift */ = {isa = PBXFileReference; lastKnownFileType = sourcecode.swift; path = SceneDelegate.swift; sourceTree = "<group>"; };
		F0A46EC42682B25E00D839B1 /* ViewController.swift */ = {isa = PBXFileReference; lastKnownFileType = sourcecode.swift; path = ViewController.swift; sourceTree = "<group>"; };
		F0A46EC72682B25E00D839B1 /* Base */ = {isa = PBXFileReference; lastKnownFileType = file.storyboard; name = Base; path = Base.lproj/Main.storyboard; sourceTree = "<group>"; };
		F0A46EC92682B26000D839B1 /* Assets.xcassets */ = {isa = PBXFileReference; lastKnownFileType = folder.assetcatalog; path = Assets.xcassets; sourceTree = "<group>"; };
		F0A46ECC2682B26000D839B1 /* Base */ = {isa = PBXFileReference; lastKnownFileType = file.storyboard; name = Base; path = Base.lproj/LaunchScreen.storyboard; sourceTree = "<group>"; };
		F0A46ECE2682B26000D839B1 /* Info.plist */ = {isa = PBXFileReference; lastKnownFileType = text.plist.xml; path = Info.plist; sourceTree = "<group>"; };
		F0A46ED52682B35200D839B1 /* Pessoa.swift */ = {isa = PBXFileReference; lastKnownFileType = sourcecode.swift; path = Pessoa.swift; sourceTree = "<group>"; };
		F0A46ED92682C23700D839B1 /* CustomCell.swift */ = {isa = PBXFileReference; lastKnownFileType = sourcecode.swift; path = CustomCell.swift; sourceTree = "<group>"; };
		F0A46EDA2682C23700D839B1 /* CustomCell.xib */ = {isa = PBXFileReference; lastKnownFileType = file.xib; path = CustomCell.xib; sourceTree = "<group>"; };
/* End PBXFileReference section */

/* Begin PBXFrameworksBuildPhase section */
		F0A46EBA2682B25E00D839B1 /* Frameworks */ = {
			isa = PBXFrameworksBuildPhase;
			buildActionMask = 2147483647;
			files = (
			);
			runOnlyForDeploymentPostprocessing = 0;
		};
/* End PBXFrameworksBuildPhase section */

/* Begin PBXGroup section */
		F0A46EB42682B25E00D839B1 = {
			isa = PBXGroup;
			children = (
				F0A46EBF2682B25E00D839B1 /* EscolaDoFuturo */,
				F0A46EBE2682B25E00D839B1 /* Products */,
			);
			sourceTree = "<group>";
		};
		F0A46EBE2682B25E00D839B1 /* Products */ = {
			isa = PBXGroup;
			children = (
				F0A46EBD2682B25E00D839B1 /* EscolaDoFuturo.app */,
			);
			name = Products;
			sourceTree = "<group>";
		};
		F0A46EBF2682B25E00D839B1 /* EscolaDoFuturo */ = {
			isa = PBXGroup;
			children = (
				F0A46EDE2682C25000D839B1 /* CustomCell */,
				F0A46EC02682B25E00D839B1 /* AppDelegate.swift */,
				F0A46EC22682B25E00D839B1 /* SceneDelegate.swift */,
				F0A46EC42682B25E00D839B1 /* ViewController.swift */,
				F0A46EC62682B25E00D839B1 /* Main.storyboard */,
				F0A46EC92682B26000D839B1 /* Assets.xcassets */,
				F0A46ECB2682B26000D839B1 /* LaunchScreen.storyboard */,
				F0A46ECE2682B26000D839B1 /* Info.plist */,
				F0A46ED52682B35200D839B1 /* Pessoa.swift */,
			);
			path = EscolaDoFuturo;
			sourceTree = "<group>";
		};
		F0A46EDE2682C25000D839B1 /* CustomCell */ = {
			isa = PBXGroup;
			children = (
				F0A46EDA2682C23700D839B1 /* CustomCell.xib */,
				F0A46ED92682C23700D839B1 /* CustomCell.swift */,
			);
			path = CustomCell;
			sourceTree = "<group>";
		};
/* End PBXGroup section */

/* Begin PBXNativeTarget section */
		F0A46EBC2682B25E00D839B1 /* EscolaDoFuturo */ = {
			isa = PBXNativeTarget;
			buildConfigurationList = F0A46ED12682B26000D839B1 /* Build configuration list for PBXNativeTarget "EscolaDoFuturo" */;
			buildPhases = (
				F0A46EB92682B25E00D839B1 /* Sources */,
				F0A46EBA2682B25E00D839B1 /* Frameworks */,
				F0A46EBB2682B25E00D839B1 /* Resources */,
			);
			buildRules = (
			);
			dependencies = (
			);
			name = EscolaDoFuturo;
			productName = EscolaDoFuturo;
			productReference = F0A46EBD2682B25E00D839B1 /* EscolaDoFuturo.app */;
			productType = "com.apple.product-type.application";
		};
/* End PBXNativeTarget section */

/* Begin PBXProject section */
		F0A46EB52682B25E00D839B1 /* Project object */ = {
			isa = PBXProject;
			attributes = {
				LastSwiftUpdateCheck = 1230;
				LastUpgradeCheck = 1230;
				TargetAttributes = {
					F0A46EBC2682B25E00D839B1 = {
						CreatedOnToolsVersion = 12.3;
					};
				};
			};
			buildConfigurationList = F0A46EB82682B25E00D839B1 /* Build configuration list for PBXProject "EscolaDoFuturo" */;
			compatibilityVersion = "Xcode 9.3";
			developmentRegion = en;
			hasScannedForEncodings = 0;
			knownRegions = (
				en,
				Base,
			);
			mainGroup = F0A46EB42682B25E00D839B1;
			productRefGroup = F0A46EBE2682B25E00D839B1 /* Products */;
			projectDirPath = "";
			projectRoot = "";
			targets = (
				F0A46EBC2682B25E00D839B1 /* EscolaDoFuturo */,
			);
		};
/* End PBXProject section */

/* Begin PBXResourcesBuildPhase section */
		F0A46EBB2682B25E00D839B1 /* Resources */ = {
			isa = PBXResourcesBuildPhase;
			buildActionMask = 2147483647;
			files = (
				F0A46ECD2682B26000D839B1 /* LaunchScreen.storyboard in Resources */,
				F0A46ECA2682B26000D839B1 /* Assets.xcassets in Resources */,
				F0A46EDC2682C23700D839B1 /* CustomCell.xib in Resources */,
				F0A46EC82682B25E00D839B1 /* Main.storyboard in Resources */,
			);
			runOnlyForDeploymentPostprocessing = 0;
		};
/* End PBXResourcesBuildPhase section */

/* Begin PBXSourcesBuildPhase section */
		F0A46EB92682B25E00D839B1 /* Sources */ = {
			isa = PBXSourcesBuildPhase;
			buildActionMask = 2147483647;
			files = (
				F0A46EC52682B25E00D839B1 /* ViewController.swift in Sources */,
				F0A46ED62682B35200D839B1 /* Pessoa.swift in Sources */,
				F0A46EDB2682C23700D839B1 /* CustomCell.swift in Sources */,
				F0A46EC12682B25E00D839B1 /* AppDelegate.swift in Sources */,
				F0A46EC32682B25E00D839B1 /* SceneDelegate.swift in Sources */,
			);
			runOnlyForDeploymentPostprocessing = 0;
		};
/* End PBXSourcesBuildPhase section */

/* Begin PBXVariantGroup section */
		F0A46EC62682B25E00D839B1 /* Main.storyboard */ = {
			isa = PBXVariantGroup;
			children = (
				F0A46EC72682B25E00D839B1 /* Base */,
			);
			name = Main.storyboard;
			sourceTree = "<group>";
		};
		F0A46ECB2682B26000D839B1 /* LaunchScreen.storyboard */ = {
			isa = PBXVariantGroup;
			children = (
				F0A46ECC2682B26000D839B1 /* Base */,
			);
			name = LaunchScreen.storyboard;
			sourceTree = "<group>";
		};
/* End PBXVariantGroup section */

/* Begin XCBuildConfiguration section */
		F0A46ECF2682B26000D839B1 /* Debug */ = {
			isa = XCBuildConfiguration;
			buildSettings = {
				ALWAYS_SEARCH_USER_PATHS = NO;
				CLANG_ANALYZER_NONNULL = YES;
				CLANG_ANALYZER_NUMBER_OBJECT_CONVERSION = YES_AGGRESSIVE;
				CLANG_CXX_LANGUAGE_STANDARD = "gnu++14";
				CLANG_CXX_LIBRARY = "libc++";
				CLANG_ENABLE_MODULES = YES;
				CLANG_ENABLE_OBJC_ARC = YES;
				CLANG_ENABLE_OBJC_WEAK = YES;
				CLANG_WARN_BLOCK_CAPTURE_AUTORELEASING = YES;
				CLANG_WARN_BOOL_CONVERSION = YES;
				CLANG_WARN_COMMA = YES;
				CLANG_WARN_CONSTANT_CONVERSION = YES;
				CLANG_WARN_DEPRECATED_OBJC_IMPLEMENTATIONS = YES;
				CLANG_WARN_DIRECT_OBJC_ISA_USAGE = YES_ERROR;
				CLANG_WARN_DOCUMENTATION_COMMENTS = YES;
				CLANG_WARN_EMPTY_BODY = YES;
				CLANG_WARN_ENUM_CONVERSION = YES;
				CLANG_WARN_INFINITE_RECURSION = YES;
				CLANG_WARN_INT_CONVERSION = YES;
				CLANG_WARN_NON_LITERAL_NULL_CONVERSION = YES;
				CLANG_WARN_OBJC_IMPLICIT_RETAIN_SELF = YES;
				CLANG_WARN_OBJC_LITERAL_CONVERSION = YES;
				CLANG_WARN_OBJC_ROOT_CLASS = YES_ERROR;
				CLANG_WARN_QUOTED_INCLUDE_IN_FRAMEWORK_HEADER = YES;
				CLANG_WARN_RANGE_LOOP_ANALYSIS = YES;
				CLANG_WARN_STRICT_PROTOTYPES = YES;
				CLANG_WARN_SUSPICIOUS_MOVE = YES;
				CLANG_WARN_UNGUARDED_AVAILABILITY = YES_AGGRESSIVE;
				CLANG_WARN_UNREACHABLE_CODE = YES;
				CLANG_WARN__DUPLICATE_METHOD_MATCH = YES;
				COPY_PHASE_STRIP = NO;
				DEBUG_INFORMATION_FORMAT = dwarf;
				ENABLE_STRICT_OBJC_MSGSEND = YES;
				ENABLE_TESTABILITY = YES;
				GCC_C_LANGUAGE_STANDARD = gnu11;
				GCC_DYNAMIC_NO_PIC = NO;
				GCC_NO_COMMON_BLOCKS = YES;
				GCC_OPTIMIZATION_LEVEL = 0;
				GCC_PREPROCESSOR_DEFINITIONS = (
					"DEBUG=1",
					"$(inherited)",
				);
				GCC_WARN_64_TO_32_BIT_CONVERSION = YES;
				GCC_WARN_ABOUT_RETURN_TYPE = YES_ERROR;
				GCC_WARN_UNDECLARED_SELECTOR = YES;
				GCC_WARN_UNINITIALIZED_AUTOS = YES_AGGRESSIVE;
				GCC_WARN_UNUSED_FUNCTION = YES;
				GCC_WARN_UNUSED_VARIABLE = YES;
				IPHONEOS_DEPLOYMENT_TARGET = 14.3;
				MTL_ENABLE_DEBUG_INFO = INCLUDE_SOURCE;
				MTL_FAST_MATH = YES;
				ONLY_ACTIVE_ARCH = YES;
				SDKROOT = iphoneos;
				SWIFT_ACTIVE_COMPILATION_CONDITIONS = DEBUG;
				SWIFT_OPTIMIZATION_LEVEL = "-Onone";
			};
			name = Debug;
		};
		F0A46ED02682B26000D839B1 /* Release */ = {
			isa = XCBuildConfiguration;
			buildSettings = {
				ALWAYS_SEARCH_USER_PATHS = NO;
				CLANG_ANALYZER_NONNULL = YES;
				CLANG_ANALYZER_NUMBER_OBJECT_CONVERSION = YES_AGGRESSIVE;
				CLANG_CXX_LANGUAGE_STANDARD = "gnu++14";
				CLANG_CXX_LIBRARY = "libc++";
				CLANG_ENABLE_MODULES = YES;
				CLANG_ENABLE_OBJC_ARC = YES;
				CLANG_ENABLE_OBJC_WEAK = YES;
				CLANG_WARN_BLOCK_CAPTURE_AUTORELEASING = YES;
				CLANG_WARN_BOOL_CONVERSION = YES;
				CLANG_WARN_COMMA = YES;
				CLANG_WARN_CONSTANT_CONVERSION = YES;
				CLANG_WARN_DEPRECATED_OBJC_IMPLEMENTATIONS = YES;
				CLANG_WARN_DIRECT_OBJC_ISA_USAGE = YES_ERROR;
				CLANG_WARN_DOCUMENTATION_COMMENTS = YES;
				CLANG_WARN_EMPTY_BODY = YES;
				CLANG_WARN_ENUM_CONVERSION = YES;
				CLANG_WARN_INFINITE_RECURSION = YES;
				CLANG_WARN_INT_CONVERSION = YES;
				CLANG_WARN_NON_LITERAL_NULL_CONVERSION = YES;
				CLANG_WARN_OBJC_IMPLICIT_RETAIN_SELF = YES;
				CLANG_WARN_OBJC_LITERAL_CONVERSION = YES;
				CLANG_WARN_OBJC_ROOT_CLASS = YES_ERROR;
				CLANG_WARN_QUOTED_INCLUDE_IN_FRAMEWORK_HEADER = YES;
				CLANG_WARN_RANGE_LOOP_ANALYSIS = YES;
				CLANG_WARN_STRICT_PROTOTYPES = YES;
				CLANG_WARN_SUSPICIOUS_MOVE = YES;
				CLANG_WARN_UNGUARDED_AVAILABILITY = YES_AGGRESSIVE;
				CLANG_WARN_UNREACHABLE_CODE = YES;
				CLANG_WARN__DUPLICATE_METHOD_MATCH = YES;
				COPY_PHASE_STRIP = NO;
				DEBUG_INFORMATION_FORMAT = "dwarf-with-dsym";
				ENABLE_NS_ASSERTIONS = NO;
				ENABLE_STRICT_OBJC_MSGSEND = YES;
				GCC_C_LANGUAGE_STANDARD = gnu11;
				GCC_NO_COMMON_BLOCKS = YES;
				GCC_WARN_64_TO_32_BIT_CONVERSION = YES;
				GCC_WARN_ABOUT_RETURN_TYPE = YES_ERROR;
				GCC_WARN_UNDECLARED_SELECTOR = YES;
				GCC_WARN_UNINITIALIZED_AUTOS = YES_AGGRESSIVE;
				GCC_WARN_UNUSED_FUNCTION = YES;
				GCC_WARN_UNUSED_VARIABLE = YES;
				IPHONEOS_DEPLOYMENT_TARGET = 14.3;
				MTL_ENABLE_DEBUG_INFO = NO;
				MTL_FAST_MATH = YES;
				SDKROOT = iphoneos;
				SWIFT_COMPILATION_MODE = wholemodule;
				SWIFT_OPTIMIZATION_LEVEL = "-O";
				VALIDATE_PRODUCT = YES;
			};
			name = Release;
		};
		F0A46ED22682B26000D839B1 /* Debug */ = {
			isa = XCBuildConfiguration;
			buildSettings = {
				ASSETCATALOG_COMPILER_APPICON_NAME = AppIcon;
				ASSETCATALOG_COMPILER_GLOBAL_ACCENT_COLOR_NAME = AccentColor;
				CODE_SIGN_STYLE = Automatic;
				DEVELOPMENT_TEAM = KF7BJSMDG6;
				INFOPLIST_FILE = EscolaDoFuturo/Info.plist;
				LD_RUNPATH_SEARCH_PATHS = (
					"$(inherited)",
					"@executable_path/Frameworks",
				);
				PRODUCT_BUNDLE_IDENTIFIER = lidice.EscolaDoFuturo;
				PRODUCT_NAME = "$(TARGET_NAME)";
				SWIFT_VERSION = 5.0;
				TARGETED_DEVICE_FAMILY = "1,2";
			};
			name = Debug;
		};
		F0A46ED32682B26000D839B1 /* Release */ = {
			isa = XCBuildConfiguration;
			buildSettings = {
				ASSETCATALOG_COMPILER_APPICON_NAME = AppIcon;
				ASSETCATALOG_COMPILER_GLOBAL_ACCENT_COLOR_NAME = AccentColor;
				CODE_SIGN_STYLE = Automatic;
				DEVELOPMENT_TEAM = KF7BJSMDG6;
				INFOPLIST_FILE = EscolaDoFuturo/Info.plist;
				LD_RUNPATH_SEARCH_PATHS = (
					"$(inherited)",
					"@executable_path/Frameworks",
				);
				PRODUCT_BUNDLE_IDENTIFIER = lidice.EscolaDoFuturo;
				PRODUCT_NAME = "$(TARGET_NAME)";
				SWIFT_VERSION = 5.0;
				TARGETED_DEVICE_FAMILY = "1,2";
			};
			name = Release;
		};
/* End XCBuildConfiguration section */

/* Begin XCConfigurationList section */
		F0A46EB82682B25E00D839B1 /* Build configuration list for PBXProject "EscolaDoFuturo" */ = {
			isa = XCConfigurationList;
			buildConfigurations = (
				F0A46ECF2682B26000D839B1 /* Debug */,
				F0A46ED02682B26000D839B1 /* Release */,
			);
			defaultConfigurationIsVisible = 0;
			defaultConfigurationName = Release;
		};
		F0A46ED12682B26000D839B1 /* Build configuration list for PBXNativeTarget "EscolaDoFuturo" */ = {
			isa = XCConfigurationList;
			buildConfigurations = (
				F0A46ED22682B26000D839B1 /* Debug */,
				F0A46ED32682B26000D839B1 /* Release */,
			);
			defaultConfigurationIsVisible = 0;
			defaultConfigurationName = Release;
		};
/* End XCConfigurationList section */
	};
	rootObject = F0A46EB52682B25E00D839B1 /* Project object */;
}
